
Microsoft Visual Studio Solution File, Format Version 12.00
# Visual Studio 15
VisualStudioVersion = 15.0.28010.2046
MinimumVisualStudioVersion = 10.0.40219.1
Project("{2150E333-8FDC-42A3-9474-1A3956D46DE8}") = "src", "src", "{2A32D4E5-B274-4AA5-9A16-62A09B36AB4A}"
EndProject
Project("{FAE04EC0-301F-11D3-BF4B-00C04F79EFBC}") = "KuvaldaTests", "test\KuvaldaTests\KuvaldaTests.csproj", "{1DFA9BD3-B390-4C7C-B704-2AA8E7B4AE98}"
EndProject
Project("{2150E333-8FDC-42A3-9474-1A3956D46DE8}") = "test", "test", "{4053E670-6E5F-4558-B070-AE2F7CFFA447}"
EndProject
Project("{FAE04EC0-301F-11D3-BF4B-00C04F79EFBC}") = "Kuvalda.Core", "src\Kuvalda.Core\Kuvalda.Core.csproj", "{E418BDE6-9CD4-4760-8C23-8D450C5FB8AC}"
EndProject
Project("{FAE04EC0-301F-11D3-BF4B-00C04F79EFBC}") = "Kuvalda.Cli", "src\Kuvalda.Cli\Kuvalda.Cli.csproj", "{3AFA8F47-9F7F-44D1-B63F-842BA1BFCC80}"
EndProject
Global
	GlobalSection(SolutionConfigurationPlatforms) = preSolution
		Debug|Any CPU = Debug|Any CPU
		Release|Any CPU = Release|Any CPU
	EndGlobalSection
	GlobalSection(ProjectConfigurationPlatforms) = postSolution
		{1DFA9BD3-B390-4C7C-B704-2AA8E7B4AE98}.Debug|Any CPU.ActiveCfg = Debug|Any CPU
		{1DFA9BD3-B390-4C7C-B704-2AA8E7B4AE98}.Debug|Any CPU.Build.0 = Debug|Any CPU
		{1DFA9BD3-B390-4C7C-B704-2AA8E7B4AE98}.Release|Any CPU.ActiveCfg = Release|Any CPU
		{1DFA9BD3-B390-4C7C-B704-2AA8E7B4AE98}.Release|Any CPU.Build.0 = Release|Any CPU
		{E418BDE6-9CD4-4760-8C23-8D450C5FB8AC}.Debug|Any CPU.ActiveCfg = Debug|Any CPU
		{E418BDE6-9CD4-4760-8C23-8D450C5FB8AC}.Debug|Any CPU.Build.0 = Debug|Any CPU
		{E418BDE6-9CD4-4760-8C23-8D450C5FB8AC}.Release|Any CPU.ActiveCfg = Release|Any CPU
		{E418BDE6-9CD4-4760-8C23-8D450C5FB8AC}.Release|Any CPU.Build.0 = Release|Any CPU
		{3AFA8F47-9F7F-44D1-B63F-842BA1BFCC80}.Debug|Any CPU.ActiveCfg = Debug|Any CPU
		{3AFA8F47-9F7F-44D1-B63F-842BA1BFCC80}.Debug|Any CPU.Build.0 = Debug|Any CPU
		{3AFA8F47-9F7F-44D1-B63F-842BA1BFCC80}.Release|Any CPU.ActiveCfg = Release|Any CPU
		{3AFA8F47-9F7F-44D1-B63F-842BA1BFCC80}.Release|Any CPU.Build.0 = Release|Any CPU
	EndGlobalSection
	GlobalSection(SolutionProperties) = preSolution
		HideSolutionNode = FALSE
	EndGlobalSection
	GlobalSection(NestedProjects) = preSolution
		{1DFA9BD3-B390-4C7C-B704-2AA8E7B4AE98} = {4053E670-6E5F-4558-B070-AE2F7CFFA447}
		{E418BDE6-9CD4-4760-8C23-8D450C5FB8AC} = {2A32D4E5-B274-4AA5-9A16-62A09B36AB4A}
		{3AFA8F47-9F7F-44D1-B63F-842BA1BFCC80} = {2A32D4E5-B274-4AA5-9A16-62A09B36AB4A}
	EndGlobalSection
	GlobalSection(ExtensibilityGlobals) = postSolution
		SolutionGuid = {598826FF-6826-46D2-B7E9-FE83CCDDF787}
	EndGlobalSection
EndGlobal
