
Microsoft Visual Studio Solution File, Format Version 12.00
# Visual Studio 15
VisualStudioVersion = 15.0.28010.2046
MinimumVisualStudioVersion = 10.0.40219.1
Project("{2150E333-8FDC-42A3-9474-1A3956D46DE8}") = "src", "src", "{2A32D4E5-B274-4AA5-9A16-62A09B36AB4A}"
EndProject
Project("{FAE04EC0-301F-11D3-BF4B-00C04F79EFBC}") = "KuvaldaTests", "test\KuvaldaTests\KuvaldaTests.csproj", "{1DFA9BD3-B390-4C7C-B704-2AA8E7B4AE98}"
EndProject
Project("{2150E333-8FDC-42A3-9474-1A3956D46DE8}") = "test", "test", "{4053E670-6E5F-4558-B070-AE2F7CFFA447}"
EndProject
Project("{FAE04EC0-301F-11D3-BF4B-00C04F79EFBC}") = "Kuvalda.Tree", "src\Kuvalda.Tree\Kuvalda.Tree.csproj", "{CA78E2DA-D834-4BA3-8359-BB51DC0B1A41}"
EndProject
Project("{FAE04EC0-301F-11D3-BF4B-00C04F79EFBC}") = "Kuvalda.Tree.Data", "src\Kuvalda.Tree.Data\Kuvalda.Tree.Data.csproj", "{44AA55DD-2981-4A93-ABFE-6B4A7452A483}"
EndProject
Project("{FAE04EC0-301F-11D3-BF4B-00C04F79EFBC}") = "Kuvalda.Repository", "src\Kuvalda.Repository\Kuvalda.Repository.csproj", "{D42A0CF2-C657-4450-9AB2-D43FF1AFBB3B}"
EndProject
Project("{2150E333-8FDC-42A3-9474-1A3956D46DE8}") = "apps", "apps", "{212D460F-BE02-4F01-9905-4799EA57A222}"
EndProject
Project("{FAE04EC0-301F-11D3-BF4B-00C04F79EFBC}") = "skvd", "apps\skvd\skvd.csproj", "{DE67A28C-AD4C-44BA-8883-0AD75FEA34D2}"
EndProject
Global
	GlobalSection(SolutionConfigurationPlatforms) = preSolution
		Debug|Any CPU = Debug|Any CPU
		Release|Any CPU = Release|Any CPU
	EndGlobalSection
	GlobalSection(ProjectConfigurationPlatforms) = postSolution
		{1DFA9BD3-B390-4C7C-B704-2AA8E7B4AE98}.Debug|Any CPU.ActiveCfg = Debug|Any CPU
		{1DFA9BD3-B390-4C7C-B704-2AA8E7B4AE98}.Debug|Any CPU.Build.0 = Debug|Any CPU
		{1DFA9BD3-B390-4C7C-B704-2AA8E7B4AE98}.Release|Any CPU.ActiveCfg = Release|Any CPU
		{1DFA9BD3-B390-4C7C-B704-2AA8E7B4AE98}.Release|Any CPU.Build.0 = Release|Any CPU
		{CA78E2DA-D834-4BA3-8359-BB51DC0B1A41}.Debug|Any CPU.ActiveCfg = Debug|Any CPU
		{CA78E2DA-D834-4BA3-8359-BB51DC0B1A41}.Debug|Any CPU.Build.0 = Debug|Any CPU
		{CA78E2DA-D834-4BA3-8359-BB51DC0B1A41}.Release|Any CPU.ActiveCfg = Release|Any CPU
		{CA78E2DA-D834-4BA3-8359-BB51DC0B1A41}.Release|Any CPU.Build.0 = Release|Any CPU
		{44AA55DD-2981-4A93-ABFE-6B4A7452A483}.Debug|Any CPU.ActiveCfg = Debug|Any CPU
		{44AA55DD-2981-4A93-ABFE-6B4A7452A483}.Debug|Any CPU.Build.0 = Debug|Any CPU
		{44AA55DD-2981-4A93-ABFE-6B4A7452A483}.Release|Any CPU.ActiveCfg = Release|Any CPU
		{44AA55DD-2981-4A93-ABFE-6B4A7452A483}.Release|Any CPU.Build.0 = Release|Any CPU
		{D42A0CF2-C657-4450-9AB2-D43FF1AFBB3B}.Debug|Any CPU.ActiveCfg = Debug|Any CPU
		{D42A0CF2-C657-4450-9AB2-D43FF1AFBB3B}.Debug|Any CPU.Build.0 = Debug|Any CPU
		{D42A0CF2-C657-4450-9AB2-D43FF1AFBB3B}.Release|Any CPU.ActiveCfg = Release|Any CPU
		{D42A0CF2-C657-4450-9AB2-D43FF1AFBB3B}.Release|Any CPU.Build.0 = Release|Any CPU
		{DE67A28C-AD4C-44BA-8883-0AD75FEA34D2}.Debug|Any CPU.ActiveCfg = Debug|Any CPU
		{DE67A28C-AD4C-44BA-8883-0AD75FEA34D2}.Debug|Any CPU.Build.0 = Debug|Any CPU
		{DE67A28C-AD4C-44BA-8883-0AD75FEA34D2}.Release|Any CPU.ActiveCfg = Release|Any CPU
		{DE67A28C-AD4C-44BA-8883-0AD75FEA34D2}.Release|Any CPU.Build.0 = Release|Any CPU
	EndGlobalSection
	GlobalSection(SolutionProperties) = preSolution
		HideSolutionNode = FALSE
	EndGlobalSection
	GlobalSection(NestedProjects) = preSolution
		{1DFA9BD3-B390-4C7C-B704-2AA8E7B4AE98} = {4053E670-6E5F-4558-B070-AE2F7CFFA447}
		{CA78E2DA-D834-4BA3-8359-BB51DC0B1A41} = {2A32D4E5-B274-4AA5-9A16-62A09B36AB4A}
		{44AA55DD-2981-4A93-ABFE-6B4A7452A483} = {2A32D4E5-B274-4AA5-9A16-62A09B36AB4A}
		{D42A0CF2-C657-4450-9AB2-D43FF1AFBB3B} = {2A32D4E5-B274-4AA5-9A16-62A09B36AB4A}
		{DE67A28C-AD4C-44BA-8883-0AD75FEA34D2} = {212D460F-BE02-4F01-9905-4799EA57A222}
	EndGlobalSection
	GlobalSection(ExtensibilityGlobals) = postSolution
		SolutionGuid = {598826FF-6826-46D2-B7E9-FE83CCDDF787}
	EndGlobalSection
EndGlobal
